
Microsoft Visual Studio Solution File, Format Version 11.00
# Visual C# Express 2010
Project("{FAE04EC0-301F-11D3-BF4B-00C04F79EFBC}") = "XMLLineEndingPreserver", "XMLLineEndingPreserver\XMLLineEndingPreserver.csproj", "{76859197-EF0B-4203-85D4-44FEFF6805E5}"
EndProject
Global
	GlobalSection(SolutionConfigurationPlatforms) = preSolution
		Debug|x86 = Debug|x86
		Release|x86 = Release|x86
	EndGlobalSection
	GlobalSection(ProjectConfigurationPlatforms) = postSolution
		{76859197-EF0B-4203-85D4-44FEFF6805E5}.Debug|x86.ActiveCfg = Debug|x86
		{76859197-EF0B-4203-85D4-44FEFF6805E5}.Debug|x86.Build.0 = Debug|x86
		{76859197-EF0B-4203-85D4-44FEFF6805E5}.Release|x86.ActiveCfg = Release|x86
		{76859197-EF0B-4203-85D4-44FEFF6805E5}.Release|x86.Build.0 = Release|x86
	EndGlobalSection
	GlobalSection(SolutionProperties) = preSolution
		HideSolutionNode = FALSE
	EndGlobalSection
EndGlobal
